// !$*UTF8*$!
{
	archiveVersion = 1;
	classes = {
	};
	objectVersion = 46;
	objects = {

/* Begin PBXBuildFile section */
		25F11C0D1AFF41A400F43BCB /* Bolts.framework in Frameworks */ = {isa = PBXBuildFile; fileRef = 25F11C0B1AFF41A400F43BCB /* Bolts.framework */; };
		25F11C0E1AFF41A400F43BCB /* Parse.framework in Frameworks */ = {isa = PBXBuildFile; fileRef = 25F11C0C1AFF41A400F43BCB /* Parse.framework */; };
		25F11C101AFF423200F43BCB /* AudioToolbox.framework in Frameworks */ = {isa = PBXBuildFile; fileRef = 25F11C0F1AFF423200F43BCB /* AudioToolbox.framework */; };
		25F11C121AFF423E00F43BCB /* CFNetwork.framework in Frameworks */ = {isa = PBXBuildFile; fileRef = 25F11C111AFF423E00F43BCB /* CFNetwork.framework */; };
		25F11C141AFF424600F43BCB /* CoreGraphics.framework in Frameworks */ = {isa = PBXBuildFile; fileRef = 25F11C131AFF424600F43BCB /* CoreGraphics.framework */; };
		25F11C161AFF425000F43BCB /* MobileCoreServices.framework in Frameworks */ = {isa = PBXBuildFile; fileRef = 25F11C151AFF425000F43BCB /* MobileCoreServices.framework */; };
		25F11C181AFF425700F43BCB /* QuartzCore.framework in Frameworks */ = {isa = PBXBuildFile; fileRef = 25F11C171AFF425700F43BCB /* QuartzCore.framework */; };
		25F11C1A1AFF425E00F43BCB /* Security.framework in Frameworks */ = {isa = PBXBuildFile; fileRef = 25F11C191AFF425E00F43BCB /* Security.framework */; };
		25F11C1E1AFF427F00F43BCB /* SystemConfiguration.framework in Frameworks */ = {isa = PBXBuildFile; fileRef = 25F11C1D1AFF427F00F43BCB /* SystemConfiguration.framework */; };
		25F11C201AFF428800F43BCB /* libz.dylib in Frameworks */ = {isa = PBXBuildFile; fileRef = 25F11C1F1AFF428800F43BCB /* libz.dylib */; };
		25F11C221AFF429400F43BCB /* libsqlite3.dylib in Frameworks */ = {isa = PBXBuildFile; fileRef = 25F11C211AFF429400F43BCB /* libsqlite3.dylib */; };
		810347FC1AD0FCEF00D997BB /* Main.storyboard in Resources */ = {isa = PBXBuildFile; fileRef = 810347FB1AD0FCEF00D997BB /* Main.storyboard */; };
		8122FD521AFEB8C9009EB981 /* UserObject.m in Sources */ = {isa = PBXBuildFile; fileRef = 8122FD511AFEB8C9009EB981 /* UserObject.m */; };
		8122FD571AFF62DD009EB981 /* uber_bg_5.png in Resources */ = {isa = PBXBuildFile; fileRef = 8122FD561AFF62DD009EB981 /* uber_bg_5.png */; };
		816854E21AD4F770007A0FAF /* KeychainWrapper.m in Sources */ = {isa = PBXBuildFile; fileRef = 816854E11AD4F770007A0FAF /* KeychainWrapper.m */; };
		816854E51AD4F960007A0FAF /* util.m in Sources */ = {isa = PBXBuildFile; fileRef = 816854E41AD4F960007A0FAF /* util.m */; };
		816854E81AD7986F007A0FAF /* StartViewController.m in Sources */ = {isa = PBXBuildFile; fileRef = 816854E71AD7986F007A0FAF /* StartViewController.m */; };
		818892121AD0C3F10078FDDB /* main.m in Sources */ = {isa = PBXBuildFile; fileRef = 818892111AD0C3F10078FDDB /* main.m */; };
		818892151AD0C3F10078FDDB /* AppDelegate.m in Sources */ = {isa = PBXBuildFile; fileRef = 818892141AD0C3F10078FDDB /* AppDelegate.m */; };
		8188921D1AD0C3F10078FDDB /* Images.xcassets in Resources */ = {isa = PBXBuildFile; fileRef = 8188921C1AD0C3F10078FDDB /* Images.xcassets */; };
		818892201AD0C3F10078FDDB /* LaunchScreen.xib in Resources */ = {isa = PBXBuildFile; fileRef = 8188921E1AD0C3F10078FDDB /* LaunchScreen.xib */; };
		8188922C1AD0C3F10078FDDB /* APIChallengeTests.m in Sources */ = {isa = PBXBuildFile; fileRef = 8188922B1AD0C3F10078FDDB /* APIChallengeTests.m */; };
		818892371AD0D9C00078FDDB /* LoginViewController.m in Sources */ = {isa = PBXBuildFile; fileRef = 818892361AD0D9C00078FDDB /* LoginViewController.m */; };
		8188923C1AD0EA760078FDDB /* UberLoginViewController.m in Sources */ = {isa = PBXBuildFile; fileRef = 8188923A1AD0EA760078FDDB /* UberLoginViewController.m */; };
		8188923D1AD0EA760078FDDB /* UberLoginViewController.xib in Resources */ = {isa = PBXBuildFile; fileRef = 8188923B1AD0EA760078FDDB /* UberLoginViewController.xib */; };
		81F98ED41AE4DF7100612647 /* productCell.m in Sources */ = {isa = PBXBuildFile; fileRef = 81F98ED21AE4DF7100612647 /* productCell.m */; };
		81F98ED51AE4DF7100612647 /* productCell.xib in Resources */ = {isa = PBXBuildFile; fileRef = 81F98ED31AE4DF7100612647 /* productCell.xib */; };
		81FAD3211ADE34C40061FA1C /* MapKit.framework in Frameworks */ = {isa = PBXBuildFile; fileRef = 81FAD3201ADE34C40061FA1C /* MapKit.framework */; };
		DD18F7031AE46AF4002D4D19 /* DashboardViewController.m in Sources */ = {isa = PBXBuildFile; fileRef = DD18F7021AE46AF4002D4D19 /* DashboardViewController.m */; };
		DD18F7071AE47BB3002D4D19 /* ProductObject.m in Sources */ = {isa = PBXBuildFile; fileRef = DD18F7061AE47BB3002D4D19 /* ProductObject.m */; };
/* End PBXBuildFile section */

/* Begin PBXContainerItemProxy section */
		818892261AD0C3F10078FDDB /* PBXContainerItemProxy */ = {
			isa = PBXContainerItemProxy;
			containerPortal = 818892041AD0C3F10078FDDB /* Project object */;
			proxyType = 1;
			remoteGlobalIDString = 8188920B1AD0C3F10078FDDB;
			remoteInfo = APIChallenge;
		};
/* End PBXContainerItemProxy section */

/* Begin PBXFileReference section */
		25F11C0B1AFF41A400F43BCB /* Bolts.framework */ = {isa = PBXFileReference; lastKnownFileType = wrapper.framework; path = Bolts.framework; sourceTree = "<group>"; };
		25F11C0C1AFF41A400F43BCB /* Parse.framework */ = {isa = PBXFileReference; lastKnownFileType = wrapper.framework; path = Parse.framework; sourceTree = "<group>"; };
		25F11C0F1AFF423200F43BCB /* AudioToolbox.framework */ = {isa = PBXFileReference; lastKnownFileType = wrapper.framework; name = AudioToolbox.framework; path = System/Library/Frameworks/AudioToolbox.framework; sourceTree = SDKROOT; };
		25F11C111AFF423E00F43BCB /* CFNetwork.framework */ = {isa = PBXFileReference; lastKnownFileType = wrapper.framework; name = CFNetwork.framework; path = System/Library/Frameworks/CFNetwork.framework; sourceTree = SDKROOT; };
		25F11C131AFF424600F43BCB /* CoreGraphics.framework */ = {isa = PBXFileReference; lastKnownFileType = wrapper.framework; name = CoreGraphics.framework; path = System/Library/Frameworks/CoreGraphics.framework; sourceTree = SDKROOT; };
		25F11C151AFF425000F43BCB /* MobileCoreServices.framework */ = {isa = PBXFileReference; lastKnownFileType = wrapper.framework; name = MobileCoreServices.framework; path = System/Library/Frameworks/MobileCoreServices.framework; sourceTree = SDKROOT; };
		25F11C171AFF425700F43BCB /* QuartzCore.framework */ = {isa = PBXFileReference; lastKnownFileType = wrapper.framework; name = QuartzCore.framework; path = System/Library/Frameworks/QuartzCore.framework; sourceTree = SDKROOT; };
		25F11C191AFF425E00F43BCB /* Security.framework */ = {isa = PBXFileReference; lastKnownFileType = wrapper.framework; name = Security.framework; path = System/Library/Frameworks/Security.framework; sourceTree = SDKROOT; };
		25F11C1D1AFF427F00F43BCB /* SystemConfiguration.framework */ = {isa = PBXFileReference; lastKnownFileType = wrapper.framework; name = SystemConfiguration.framework; path = System/Library/Frameworks/SystemConfiguration.framework; sourceTree = SDKROOT; };
		25F11C1F1AFF428800F43BCB /* libz.dylib */ = {isa = PBXFileReference; lastKnownFileType = "compiled.mach-o.dylib"; name = libz.dylib; path = usr/lib/libz.dylib; sourceTree = SDKROOT; };
		25F11C211AFF429400F43BCB /* libsqlite3.dylib */ = {isa = PBXFileReference; lastKnownFileType = "compiled.mach-o.dylib"; name = libsqlite3.dylib; path = usr/lib/libsqlite3.dylib; sourceTree = SDKROOT; };
		810347FB1AD0FCEF00D997BB /* Main.storyboard */ = {isa = PBXFileReference; fileEncoding = 4; lastKnownFileType = file.storyboard; path = Main.storyboard; sourceTree = "<group>"; };
		8122FD501AFEB8C9009EB981 /* UserObject.h */ = {isa = PBXFileReference; fileEncoding = 4; lastKnownFileType = sourcecode.c.h; path = UserObject.h; sourceTree = "<group>"; };
		8122FD511AFEB8C9009EB981 /* UserObject.m */ = {isa = PBXFileReference; fileEncoding = 4; lastKnownFileType = sourcecode.c.objc; path = UserObject.m; sourceTree = "<group>"; };
		8122FD561AFF62DD009EB981 /* uber_bg_5.png */ = {isa = PBXFileReference; lastKnownFileType = image.png; path = uber_bg_5.png; sourceTree = "<group>"; };
		816854E01AD4F770007A0FAF /* KeychainWrapper.h */ = {isa = PBXFileReference; fileEncoding = 4; lastKnownFileType = sourcecode.c.h; path = KeychainWrapper.h; sourceTree = "<group>"; };
		816854E11AD4F770007A0FAF /* KeychainWrapper.m */ = {isa = PBXFileReference; fileEncoding = 4; lastKnownFileType = sourcecode.c.objc; path = KeychainWrapper.m; sourceTree = "<group>"; };
		816854E31AD4F8C8007A0FAF /* util.h */ = {isa = PBXFileReference; lastKnownFileType = sourcecode.c.h; path = util.h; sourceTree = "<group>"; };
		816854E41AD4F960007A0FAF /* util.m */ = {isa = PBXFileReference; fileEncoding = 4; lastKnownFileType = sourcecode.c.objc; path = util.m; sourceTree = "<group>"; };
		816854E61AD7986F007A0FAF /* StartViewController.h */ = {isa = PBXFileReference; fileEncoding = 4; lastKnownFileType = sourcecode.c.h; path = StartViewController.h; sourceTree = "<group>"; };
		816854E71AD7986F007A0FAF /* StartViewController.m */ = {isa = PBXFileReference; fileEncoding = 4; lastKnownFileType = sourcecode.c.objc; path = StartViewController.m; sourceTree = "<group>"; };
		8188920C1AD0C3F10078FDDB /* APIChallenge.app */ = {isa = PBXFileReference; explicitFileType = wrapper.application; includeInIndex = 0; path = APIChallenge.app; sourceTree = BUILT_PRODUCTS_DIR; };
		818892101AD0C3F10078FDDB /* Info.plist */ = {isa = PBXFileReference; lastKnownFileType = text.plist.xml; path = Info.plist; sourceTree = "<group>"; };
		818892111AD0C3F10078FDDB /* main.m */ = {isa = PBXFileReference; lastKnownFileType = sourcecode.c.objc; path = main.m; sourceTree = "<group>"; };
		818892131AD0C3F10078FDDB /* AppDelegate.h */ = {isa = PBXFileReference; lastKnownFileType = sourcecode.c.h; path = AppDelegate.h; sourceTree = "<group>"; };
		818892141AD0C3F10078FDDB /* AppDelegate.m */ = {isa = PBXFileReference; lastKnownFileType = sourcecode.c.objc; path = AppDelegate.m; sourceTree = "<group>"; };
		8188921C1AD0C3F10078FDDB /* Images.xcassets */ = {isa = PBXFileReference; lastKnownFileType = folder.assetcatalog; path = Images.xcassets; sourceTree = "<group>"; };
		8188921F1AD0C3F10078FDDB /* Base */ = {isa = PBXFileReference; lastKnownFileType = file.xib; name = Base; path = Base.lproj/LaunchScreen.xib; sourceTree = "<group>"; };
		818892251AD0C3F10078FDDB /* APIChallengeTests.xctest */ = {isa = PBXFileReference; explicitFileType = wrapper.cfbundle; includeInIndex = 0; path = APIChallengeTests.xctest; sourceTree = BUILT_PRODUCTS_DIR; };
		8188922A1AD0C3F10078FDDB /* Info.plist */ = {isa = PBXFileReference; lastKnownFileType = text.plist.xml; path = Info.plist; sourceTree = "<group>"; };
		8188922B1AD0C3F10078FDDB /* APIChallengeTests.m */ = {isa = PBXFileReference; lastKnownFileType = sourcecode.c.objc; path = APIChallengeTests.m; sourceTree = "<group>"; };
		818892351AD0D9C00078FDDB /* LoginViewController.h */ = {isa = PBXFileReference; fileEncoding = 4; lastKnownFileType = sourcecode.c.h; path = LoginViewController.h; sourceTree = "<group>"; };
		818892361AD0D9C00078FDDB /* LoginViewController.m */ = {isa = PBXFileReference; fileEncoding = 4; lastKnownFileType = sourcecode.c.objc; path = LoginViewController.m; sourceTree = "<group>"; };
		818892391AD0EA760078FDDB /* UberLoginViewController.h */ = {isa = PBXFileReference; fileEncoding = 4; lastKnownFileType = sourcecode.c.h; path = UberLoginViewController.h; sourceTree = "<group>"; };
		8188923A1AD0EA760078FDDB /* UberLoginViewController.m */ = {isa = PBXFileReference; fileEncoding = 4; lastKnownFileType = sourcecode.c.objc; path = UberLoginViewController.m; sourceTree = "<group>"; };
		8188923B1AD0EA760078FDDB /* UberLoginViewController.xib */ = {isa = PBXFileReference; fileEncoding = 4; lastKnownFileType = file.xib; path = UberLoginViewController.xib; sourceTree = "<group>"; };
		8188923F1AD0EEC40078FDDB /* constants.h */ = {isa = PBXFileReference; lastKnownFileType = sourcecode.c.h; path = constants.h; sourceTree = "<group>"; };
		81F98ED11AE4DF7100612647 /* productCell.h */ = {isa = PBXFileReference; fileEncoding = 4; lastKnownFileType = sourcecode.c.h; path = productCell.h; sourceTree = "<group>"; };
		81F98ED21AE4DF7100612647 /* productCell.m */ = {isa = PBXFileReference; fileEncoding = 4; lastKnownFileType = sourcecode.c.objc; path = productCell.m; sourceTree = "<group>"; };
		81F98ED31AE4DF7100612647 /* productCell.xib */ = {isa = PBXFileReference; fileEncoding = 4; lastKnownFileType = file.xib; path = productCell.xib; sourceTree = "<group>"; };
		81FAD3201ADE34C40061FA1C /* MapKit.framework */ = {isa = PBXFileReference; lastKnownFileType = wrapper.framework; name = MapKit.framework; path = System/Library/Frameworks/MapKit.framework; sourceTree = SDKROOT; };
		DD18F7011AE46AF4002D4D19 /* DashboardViewController.h */ = {isa = PBXFileReference; fileEncoding = 4; lastKnownFileType = sourcecode.c.h; path = DashboardViewController.h; sourceTree = "<group>"; };
		DD18F7021AE46AF4002D4D19 /* DashboardViewController.m */ = {isa = PBXFileReference; fileEncoding = 4; lastKnownFileType = sourcecode.c.objc; path = DashboardViewController.m; sourceTree = "<group>"; };
		DD18F7051AE47BB3002D4D19 /* ProductObject.h */ = {isa = PBXFileReference; fileEncoding = 4; lastKnownFileType = sourcecode.c.h; path = ProductObject.h; sourceTree = "<group>"; };
		DD18F7061AE47BB3002D4D19 /* ProductObject.m */ = {isa = PBXFileReference; fileEncoding = 4; lastKnownFileType = sourcecode.c.objc; path = ProductObject.m; sourceTree = "<group>"; };
/* End PBXFileReference section */

/* Begin PBXFrameworksBuildPhase section */
		818892091AD0C3F10078FDDB /* Frameworks */ = {
			isa = PBXFrameworksBuildPhase;
			buildActionMask = 2147483647;
			files = (
				25F11C221AFF429400F43BCB /* libsqlite3.dylib in Frameworks */,
				25F11C201AFF428800F43BCB /* libz.dylib in Frameworks */,
				25F11C1E1AFF427F00F43BCB /* SystemConfiguration.framework in Frameworks */,
				25F11C1A1AFF425E00F43BCB /* Security.framework in Frameworks */,
				25F11C181AFF425700F43BCB /* QuartzCore.framework in Frameworks */,
				25F11C161AFF425000F43BCB /* MobileCoreServices.framework in Frameworks */,
				25F11C141AFF424600F43BCB /* CoreGraphics.framework in Frameworks */,
				25F11C121AFF423E00F43BCB /* CFNetwork.framework in Frameworks */,
				25F11C101AFF423200F43BCB /* AudioToolbox.framework in Frameworks */,
				81FAD3211ADE34C40061FA1C /* MapKit.framework in Frameworks */,
				25F11C0E1AFF41A400F43BCB /* Parse.framework in Frameworks */,
				25F11C0D1AFF41A400F43BCB /* Bolts.framework in Frameworks */,
			);
			runOnlyForDeploymentPostprocessing = 0;
		};
		818892221AD0C3F10078FDDB /* Frameworks */ = {
			isa = PBXFrameworksBuildPhase;
			buildActionMask = 2147483647;
			files = (
			);
			runOnlyForDeploymentPostprocessing = 0;
		};
/* End PBXFrameworksBuildPhase section */

/* Begin PBXGroup section */
		8122FD531AFF6149009EB981 /* images */ = {
			isa = PBXGroup;
			children = (
				8122FD561AFF62DD009EB981 /* uber_bg_5.png */,
			);
			name = images;
			sourceTree = "<group>";
		};
		818892031AD0C3F10078FDDB = {
			isa = PBXGroup;
			children = (
				25F11C211AFF429400F43BCB /* libsqlite3.dylib */,
				25F11C1F1AFF428800F43BCB /* libz.dylib */,
				25F11C1D1AFF427F00F43BCB /* SystemConfiguration.framework */,
				25F11C191AFF425E00F43BCB /* Security.framework */,
				25F11C171AFF425700F43BCB /* QuartzCore.framework */,
				25F11C151AFF425000F43BCB /* MobileCoreServices.framework */,
				25F11C131AFF424600F43BCB /* CoreGraphics.framework */,
				25F11C111AFF423E00F43BCB /* CFNetwork.framework */,
				25F11C0F1AFF423200F43BCB /* AudioToolbox.framework */,
				25F11C0B1AFF41A400F43BCB /* Bolts.framework */,
				25F11C0C1AFF41A400F43BCB /* Parse.framework */,
				81FAD3201ADE34C40061FA1C /* MapKit.framework */,
				8188920E1AD0C3F10078FDDB /* APIChallenge */,
				818892281AD0C3F10078FDDB /* APIChallengeTests */,
				8188920D1AD0C3F10078FDDB /* Products */,
			);
			sourceTree = "<group>";
		};
		8188920D1AD0C3F10078FDDB /* Products */ = {
			isa = PBXGroup;
			children = (
				8188920C1AD0C3F10078FDDB /* APIChallenge.app */,
				818892251AD0C3F10078FDDB /* APIChallengeTests.xctest */,
			);
			name = Products;
			sourceTree = "<group>";
		};
		8188920E1AD0C3F10078FDDB /* APIChallenge */ = {
			isa = PBXGroup;
			children = (
				8122FD531AFF6149009EB981 /* images */,
				81F98ED01AE4DCC200612647 /* cell */,
				DD18F7041AE47B87002D4D19 /* model */,
				8188923E1AD0EEB60078FDDB /* util */,
				818892381AD0EA150078FDDB /* modal */,
				818892131AD0C3F10078FDDB /* AppDelegate.h */,
				818892141AD0C3F10078FDDB /* AppDelegate.m */,
				818892351AD0D9C00078FDDB /* LoginViewController.h */,
				818892361AD0D9C00078FDDB /* LoginViewController.m */,
				816854E61AD7986F007A0FAF /* StartViewController.h */,
				816854E71AD7986F007A0FAF /* StartViewController.m */,
				DD18F7011AE46AF4002D4D19 /* DashboardViewController.h */,
				DD18F7021AE46AF4002D4D19 /* DashboardViewController.m */,
				810347FB1AD0FCEF00D997BB /* Main.storyboard */,
				8188921C1AD0C3F10078FDDB /* Images.xcassets */,
				8188921E1AD0C3F10078FDDB /* LaunchScreen.xib */,
				8188920F1AD0C3F10078FDDB /* Supporting Files */,
			);
			path = APIChallenge;
			sourceTree = "<group>";
		};
		8188920F1AD0C3F10078FDDB /* Supporting Files */ = {
			isa = PBXGroup;
			children = (
				818892101AD0C3F10078FDDB /* Info.plist */,
				818892111AD0C3F10078FDDB /* main.m */,
			);
			name = "Supporting Files";
			sourceTree = "<group>";
		};
		818892281AD0C3F10078FDDB /* APIChallengeTests */ = {
			isa = PBXGroup;
			children = (
				8188922B1AD0C3F10078FDDB /* APIChallengeTests.m */,
				818892291AD0C3F10078FDDB /* Supporting Files */,
			);
			path = APIChallengeTests;
			sourceTree = "<group>";
		};
		818892291AD0C3F10078FDDB /* Supporting Files */ = {
			isa = PBXGroup;
			children = (
				8188922A1AD0C3F10078FDDB /* Info.plist */,
			);
			name = "Supporting Files";
			sourceTree = "<group>";
		};
		818892381AD0EA150078FDDB /* modal */ = {
			isa = PBXGroup;
			children = (
				818892391AD0EA760078FDDB /* UberLoginViewController.h */,
				8188923A1AD0EA760078FDDB /* UberLoginViewController.m */,
				8188923B1AD0EA760078FDDB /* UberLoginViewController.xib */,
			);
			name = modal;
			sourceTree = "<group>";
		};
		8188923E1AD0EEB60078FDDB /* util */ = {
			isa = PBXGroup;
			children = (
				816854E01AD4F770007A0FAF /* KeychainWrapper.h */,
				816854E11AD4F770007A0FAF /* KeychainWrapper.m */,
				8188923F1AD0EEC40078FDDB /* constants.h */,
				816854E31AD4F8C8007A0FAF /* util.h */,
				816854E41AD4F960007A0FAF /* util.m */,
			);
			name = util;
			sourceTree = "<group>";
		};
		81F98ED01AE4DCC200612647 /* cell */ = {
			isa = PBXGroup;
			children = (
				81F98ED11AE4DF7100612647 /* productCell.h */,
				81F98ED21AE4DF7100612647 /* productCell.m */,
				81F98ED31AE4DF7100612647 /* productCell.xib */,
			);
			name = cell;
			sourceTree = "<group>";
		};
		DD18F7041AE47B87002D4D19 /* model */ = {
			isa = PBXGroup;
			children = (
				DD18F7051AE47BB3002D4D19 /* ProductObject.h */,
				DD18F7061AE47BB3002D4D19 /* ProductObject.m */,
				8122FD501AFEB8C9009EB981 /* UserObject.h */,
				8122FD511AFEB8C9009EB981 /* UserObject.m */,
			);
			name = model;
			sourceTree = "<group>";
		};
/* End PBXGroup section */

/* Begin PBXNativeTarget section */
		8188920B1AD0C3F10078FDDB /* APIChallenge */ = {
			isa = PBXNativeTarget;
			buildConfigurationList = 8188922F1AD0C3F10078FDDB /* Build configuration list for PBXNativeTarget "APIChallenge" */;
			buildPhases = (
				818892081AD0C3F10078FDDB /* Sources */,
				818892091AD0C3F10078FDDB /* Frameworks */,
				8188920A1AD0C3F10078FDDB /* Resources */,
			);
			buildRules = (
			);
			dependencies = (
			);
			name = APIChallenge;
			productName = APIChallenge;
			productReference = 8188920C1AD0C3F10078FDDB /* APIChallenge.app */;
			productType = "com.apple.product-type.application";
		};
		818892241AD0C3F10078FDDB /* APIChallengeTests */ = {
			isa = PBXNativeTarget;
			buildConfigurationList = 818892321AD0C3F10078FDDB /* Build configuration list for PBXNativeTarget "APIChallengeTests" */;
			buildPhases = (
				818892211AD0C3F10078FDDB /* Sources */,
				818892221AD0C3F10078FDDB /* Frameworks */,
				818892231AD0C3F10078FDDB /* Resources */,
			);
			buildRules = (
			);
			dependencies = (
				818892271AD0C3F10078FDDB /* PBXTargetDependency */,
			);
			name = APIChallengeTests;
			productName = APIChallengeTests;
			productReference = 818892251AD0C3F10078FDDB /* APIChallengeTests.xctest */;
			productType = "com.apple.product-type.bundle.unit-test";
		};
/* End PBXNativeTarget section */

/* Begin PBXProject section */
		818892041AD0C3F10078FDDB /* Project object */ = {
			isa = PBXProject;
			attributes = {
				LastUpgradeCheck = 0620;
				ORGANIZATIONNAME = "Yifan Ying";
				TargetAttributes = {
					8188920B1AD0C3F10078FDDB = {
						CreatedOnToolsVersion = 6.2;
						DevelopmentTeam = S7368WEFRH;
						SystemCapabilities = {
							com.apple.InAppPurchase = {
								enabled = 0;
							};
							com.apple.Maps.iOS = {
								enabled = 1;
							};
						};
					};
					818892241AD0C3F10078FDDB = {
						CreatedOnToolsVersion = 6.2;
						TestTargetID = 8188920B1AD0C3F10078FDDB;
					};
				};
			};
			buildConfigurationList = 818892071AD0C3F10078FDDB /* Build configuration list for PBXProject "APIChallenge" */;
			compatibilityVersion = "Xcode 3.2";
			developmentRegion = English;
			hasScannedForEncodings = 0;
			knownRegions = (
				en,
				Base,
			);
			mainGroup = 818892031AD0C3F10078FDDB;
			productRefGroup = 8188920D1AD0C3F10078FDDB /* Products */;
			projectDirPath = "";
			projectRoot = "";
			targets = (
				8188920B1AD0C3F10078FDDB /* APIChallenge */,
				818892241AD0C3F10078FDDB /* APIChallengeTests */,
			);
		};
/* End PBXProject section */

/* Begin PBXResourcesBuildPhase section */
		8188920A1AD0C3F10078FDDB /* Resources */ = {
			isa = PBXResourcesBuildPhase;
			buildActionMask = 2147483647;
			files = (
				81F98ED51AE4DF7100612647 /* productCell.xib in Resources */,
				818892201AD0C3F10078FDDB /* LaunchScreen.xib in Resources */,
				8188923D1AD0EA760078FDDB /* UberLoginViewController.xib in Resources */,
				8188921D1AD0C3F10078FDDB /* Images.xcassets in Resources */,
				8122FD571AFF62DD009EB981 /* uber_bg_5.png in Resources */,
				810347FC1AD0FCEF00D997BB /* Main.storyboard in Resources */,
			);
			runOnlyForDeploymentPostprocessing = 0;
		};
		818892231AD0C3F10078FDDB /* Resources */ = {
			isa = PBXResourcesBuildPhase;
			buildActionMask = 2147483647;
			files = (
			);
			runOnlyForDeploymentPostprocessing = 0;
		};
/* End PBXResourcesBuildPhase section */

/* Begin PBXSourcesBuildPhase section */
		818892081AD0C3F10078FDDB /* Sources */ = {
			isa = PBXSourcesBuildPhase;
			buildActionMask = 2147483647;
			files = (
				818892371AD0D9C00078FDDB /* LoginViewController.m in Sources */,
				81F98ED41AE4DF7100612647 /* productCell.m in Sources */,
				DD18F7071AE47BB3002D4D19 /* ProductObject.m in Sources */,
				816854E51AD4F960007A0FAF /* util.m in Sources */,
				818892151AD0C3F10078FDDB /* AppDelegate.m in Sources */,
				DD18F7031AE46AF4002D4D19 /* DashboardViewController.m in Sources */,
				816854E81AD7986F007A0FAF /* StartViewController.m in Sources */,
				816854E21AD4F770007A0FAF /* KeychainWrapper.m in Sources */,
				8122FD521AFEB8C9009EB981 /* UserObject.m in Sources */,
				8188923C1AD0EA760078FDDB /* UberLoginViewController.m in Sources */,
				818892121AD0C3F10078FDDB /* main.m in Sources */,
			);
			runOnlyForDeploymentPostprocessing = 0;
		};
		818892211AD0C3F10078FDDB /* Sources */ = {
			isa = PBXSourcesBuildPhase;
			buildActionMask = 2147483647;
			files = (
				8188922C1AD0C3F10078FDDB /* APIChallengeTests.m in Sources */,
			);
			runOnlyForDeploymentPostprocessing = 0;
		};
/* End PBXSourcesBuildPhase section */

/* Begin PBXTargetDependency section */
		818892271AD0C3F10078FDDB /* PBXTargetDependency */ = {
			isa = PBXTargetDependency;
			target = 8188920B1AD0C3F10078FDDB /* APIChallenge */;
			targetProxy = 818892261AD0C3F10078FDDB /* PBXContainerItemProxy */;
		};
/* End PBXTargetDependency section */

/* Begin PBXVariantGroup section */
		8188921E1AD0C3F10078FDDB /* LaunchScreen.xib */ = {
			isa = PBXVariantGroup;
			children = (
				8188921F1AD0C3F10078FDDB /* Base */,
			);
			name = LaunchScreen.xib;
			sourceTree = "<group>";
		};
/* End PBXVariantGroup section */

/* Begin XCBuildConfiguration section */
		8188922D1AD0C3F10078FDDB /* Debug */ = {
			isa = XCBuildConfiguration;
			buildSettings = {
				ALWAYS_SEARCH_USER_PATHS = NO;
				CLANG_CXX_LANGUAGE_STANDARD = "gnu++0x";
				CLANG_CXX_LIBRARY = "libc++";
				CLANG_ENABLE_MODULES = YES;
				CLANG_ENABLE_OBJC_ARC = YES;
				CLANG_WARN_BOOL_CONVERSION = YES;
				CLANG_WARN_CONSTANT_CONVERSION = YES;
				CLANG_WARN_DIRECT_OBJC_ISA_USAGE = YES_ERROR;
				CLANG_WARN_EMPTY_BODY = YES;
				CLANG_WARN_ENUM_CONVERSION = YES;
				CLANG_WARN_INT_CONVERSION = YES;
				CLANG_WARN_OBJC_ROOT_CLASS = YES_ERROR;
				CLANG_WARN_UNREACHABLE_CODE = YES;
				CLANG_WARN__DUPLICATE_METHOD_MATCH = YES;
				"CODE_SIGN_IDENTITY[sdk=iphoneos*]" = "iPhone Developer: Yifan Ying (MPN67K65SP)";
				COPY_PHASE_STRIP = NO;
				ENABLE_STRICT_OBJC_MSGSEND = YES;
				GCC_C_LANGUAGE_STANDARD = gnu99;
				GCC_DYNAMIC_NO_PIC = NO;
				GCC_OPTIMIZATION_LEVEL = 0;
				GCC_PREPROCESSOR_DEFINITIONS = (
					"DEBUG=1",
					"$(inherited)",
				);
				GCC_SYMBOLS_PRIVATE_EXTERN = NO;
				GCC_WARN_64_TO_32_BIT_CONVERSION = YES;
				GCC_WARN_ABOUT_RETURN_TYPE = YES_ERROR;
				GCC_WARN_UNDECLARED_SELECTOR = YES;
				GCC_WARN_UNINITIALIZED_AUTOS = YES_AGGRESSIVE;
				GCC_WARN_UNUSED_FUNCTION = YES;
				GCC_WARN_UNUSED_VARIABLE = YES;
				IPHONEOS_DEPLOYMENT_TARGET = 8.3;
				MTL_ENABLE_DEBUG_INFO = YES;
				ONLY_ACTIVE_ARCH = YES;
				SDKROOT = iphoneos;
			};
			name = Debug;
		};
		8188922E1AD0C3F10078FDDB /* Release */ = {
			isa = XCBuildConfiguration;
			buildSettings = {
				ALWAYS_SEARCH_USER_PATHS = NO;
				CLANG_CXX_LANGUAGE_STANDARD = "gnu++0x";
				CLANG_CXX_LIBRARY = "libc++";
				CLANG_ENABLE_MODULES = YES;
				CLANG_ENABLE_OBJC_ARC = YES;
				CLANG_WARN_BOOL_CONVERSION = YES;
				CLANG_WARN_CONSTANT_CONVERSION = YES;
				CLANG_WARN_DIRECT_OBJC_ISA_USAGE = YES_ERROR;
				CLANG_WARN_EMPTY_BODY = YES;
				CLANG_WARN_ENUM_CONVERSION = YES;
				CLANG_WARN_INT_CONVERSION = YES;
				CLANG_WARN_OBJC_ROOT_CLASS = YES_ERROR;
				CLANG_WARN_UNREACHABLE_CODE = YES;
				CLANG_WARN__DUPLICATE_METHOD_MATCH = YES;
				"CODE_SIGN_IDENTITY[sdk=iphoneos*]" = "iPhone Developer: Yifan Ying (MPN67K65SP)";
				COPY_PHASE_STRIP = NO;
				ENABLE_NS_ASSERTIONS = NO;
				ENABLE_STRICT_OBJC_MSGSEND = YES;
				GCC_C_LANGUAGE_STANDARD = gnu99;
				GCC_WARN_64_TO_32_BIT_CONVERSION = YES;
				GCC_WARN_ABOUT_RETURN_TYPE = YES_ERROR;
				GCC_WARN_UNDECLARED_SELECTOR = YES;
				GCC_WARN_UNINITIALIZED_AUTOS = YES_AGGRESSIVE;
				GCC_WARN_UNUSED_FUNCTION = YES;
				GCC_WARN_UNUSED_VARIABLE = YES;
				IPHONEOS_DEPLOYMENT_TARGET = 8.3;
				MTL_ENABLE_DEBUG_INFO = NO;
				SDKROOT = iphoneos;
				VALIDATE_PRODUCT = YES;
			};
			name = Release;
		};
		818892301AD0C3F10078FDDB /* Debug */ = {
			isa = XCBuildConfiguration;
			buildSettings = {
				ASSETCATALOG_COMPILER_APPICON_NAME = AppIcon;
				CODE_SIGN_IDENTITY = "iPhone Developer";
				"CODE_SIGN_IDENTITY[sdk=iphoneos*]" = "iPhone Developer";
				FRAMEWORK_SEARCH_PATHS = (
					"$(inherited)",
					"$(PROJECT_DIR)",
				);
				INFOPLIST_FILE = APIChallenge/Info.plist;
				IPHONEOS_DEPLOYMENT_TARGET = 8;
				LD_RUNPATH_SEARCH_PATHS = "$(inherited) @executable_path/Frameworks";
				PRODUCT_NAME = "$(TARGET_NAME)";
				PROVISIONING_PROFILE = "";
			};
			name = Debug;
		};
		818892311AD0C3F10078FDDB /* Release */ = {
			isa = XCBuildConfiguration;
			buildSettings = {
				ASSETCATALOG_COMPILER_APPICON_NAME = AppIcon;
				CODE_SIGN_IDENTITY = "iPhone Developer";
				"CODE_SIGN_IDENTITY[sdk=iphoneos*]" = "iPhone Developer";
				FRAMEWORK_SEARCH_PATHS = (
					"$(inherited)",
					"$(PROJECT_DIR)",
				);
				INFOPLIST_FILE = APIChallenge/Info.plist;
				IPHONEOS_DEPLOYMENT_TARGET = 8;
				LD_RUNPATH_SEARCH_PATHS = "$(inherited) @executable_path/Frameworks";
				PRODUCT_NAME = "$(TARGET_NAME)";
				PROVISIONING_PROFILE = "";
			};
			name = Release;
		};
		818892331AD0C3F10078FDDB /* Debug */ = {
			isa = XCBuildConfiguration;
			buildSettings = {
				BUNDLE_LOADER = "$(TEST_HOST)";
				FRAMEWORK_SEARCH_PATHS = (
					"$(SDKROOT)/Developer/Library/Frameworks",
					"$(inherited)",
				);
				GCC_PREPROCESSOR_DEFINITIONS = (
					"DEBUG=1",
					"$(inherited)",
				);
				INFOPLIST_FILE = APIChallengeTests/Info.plist;
				LD_RUNPATH_SEARCH_PATHS = "$(inherited) @executable_path/Frameworks @loader_path/Frameworks";
				PRODUCT_NAME = "$(TARGET_NAME)";
				TEST_HOST = "$(BUILT_PRODUCTS_DIR)/APIChallenge.app/APIChallenge";
			};
			name = Debug;
		};
		818892341AD0C3F10078FDDB /* Release */ = {
			isa = XCBuildConfiguration;
			buildSettings = {
				BUNDLE_LOADER = "$(TEST_HOST)";
				FRAMEWORK_SEARCH_PATHS = (
					"$(SDKROOT)/Developer/Library/Frameworks",
					"$(inherited)",
				);
				INFOPLIST_FILE = APIChallengeTests/Info.plist;
				LD_RUNPATH_SEARCH_PATHS = "$(inherited) @executable_path/Frameworks @loader_path/Frameworks";
				PRODUCT_NAME = "$(TARGET_NAME)";
				TEST_HOST = "$(BUILT_PRODUCTS_DIR)/APIChallenge.app/APIChallenge";
			};
			name = Release;
		};
/* End XCBuildConfiguration section */

/* Begin XCConfigurationList section */
		818892071AD0C3F10078FDDB /* Build configuration list for PBXProject "APIChallenge" */ = {
			isa = XCConfigurationList;
			buildConfigurations = (
				8188922D1AD0C3F10078FDDB /* Debug */,
				8188922E1AD0C3F10078FDDB /* Release */,
			);
			defaultConfigurationIsVisible = 0;
			defaultConfigurationName = Release;
		};
		8188922F1AD0C3F10078FDDB /* Build configuration list for PBXNativeTarget "APIChallenge" */ = {
			isa = XCConfigurationList;
			buildConfigurations = (
				818892301AD0C3F10078FDDB /* Debug */,
				818892311AD0C3F10078FDDB /* Release */,
			);
			defaultConfigurationIsVisible = 0;
			defaultConfigurationName = Release;
		};
		818892321AD0C3F10078FDDB /* Build configuration list for PBXNativeTarget "APIChallengeTests" */ = {
			isa = XCConfigurationList;
			buildConfigurations = (
				818892331AD0C3F10078FDDB /* Debug */,
				818892341AD0C3F10078FDDB /* Release */,
			);
			defaultConfigurationIsVisible = 0;
			defaultConfigurationName = Release;
		};
/* End XCConfigurationList section */
	};
	rootObject = 818892041AD0C3F10078FDDB /* Project object */;
}
